
Microsoft Visual Studio Solution File, Format Version 12.00
# Visual Studio Version 16
VisualStudioVersion = 16.0.32929.386
MinimumVisualStudioVersion = 10.0.40219.1
Project("{9A19103F-16F7-4668-BE54-9A1E7A4F7556}") = "RZQ82V_HFT_2022231.Models", "RZQ82V_HFT_2022231.Models\RZQ82V_HFT_2022231.Models.csproj", "{1072A0CC-87D2-4F8A-A720-EF08F7521902}"
EndProject
Project("{9A19103F-16F7-4668-BE54-9A1E7A4F7556}") = "RZQ82V_HFT_2022231.Logic", "RZQ82V_HFT_2022231.Logic\RZQ82V_HFT_2022231.Logic.csproj", "{AFEB3A8B-0CFD-43B3-BAAD-58B15EFD13FE}"
EndProject
Project("{9A19103F-16F7-4668-BE54-9A1E7A4F7556}") = "RZQ82V_HFT_2022231.Repository", "RZQ82V_HFT_2022231.Repository\RZQ82V_HFT_2022231.Repository.csproj", "{4D510A1B-E3B1-422D-8E4F-842B2EA8C183}"
EndProject
Project("{9A19103F-16F7-4668-BE54-9A1E7A4F7556}") = "RZQ82V_HFT_2022231.Test", "RZQ82V_HFT_2022231.Test\RZQ82V_HFT_2022231.Test.csproj", "{27E8BE9B-C3E0-4AB4-B131-674EFBBB0AA5}"
EndProject
Project("{9A19103F-16F7-4668-BE54-9A1E7A4F7556}") = "RZQ82V_HFT_2022231.Client", "RZQ82V_HFT_2022231.Client\RZQ82V_HFT_2022231.Client.csproj", "{C03FAB21-C054-4824-BB86-463B6FE8A27F}"
EndProject
Project("{2150E333-8FDC-42A3-9474-1A3956D46DE8}") = "Backend", "Backend", "{7D4836AF-7F46-448D-A57A-72800CA8D4A1}"
EndProject
Project("{2150E333-8FDC-42A3-9474-1A3956D46DE8}") = "Frontend", "Frontend", "{DEE1E252-1448-487D-A156-7A02772D4517}"
EndProject
Project("{2150E333-8FDC-42A3-9474-1A3956D46DE8}") = "Shared", "Shared", "{B33537C0-D377-43BE-ADAF-3DA61A8054EB}"
EndProject
Project("{2150E333-8FDC-42A3-9474-1A3956D46DE8}") = "Others", "Others", "{03D77935-23AC-4CA0-A5AE-C8AB7651EDD0}"
	ProjectSection(SolutionItems) = preProject
		.gitignore = .gitignore
	EndProjectSection
EndProject
Project("{FAE04EC0-301F-11D3-BF4B-00C04F79EFBC}") = "RZQ82V_HFT_2022231.Endpoint", "RZQ82V_HFT_2022231.Endpoint\RZQ82V_HFT_2022231.Endpoint.csproj", "{0F19A95A-A79D-498F-8D14-6E388814B760}"
EndProject
Global
	GlobalSection(SolutionConfigurationPlatforms) = preSolution
		Debug|Any CPU = Debug|Any CPU
		Release|Any CPU = Release|Any CPU
	EndGlobalSection
	GlobalSection(ProjectConfigurationPlatforms) = postSolution
		{1072A0CC-87D2-4F8A-A720-EF08F7521902}.Debug|Any CPU.ActiveCfg = Debug|Any CPU
		{1072A0CC-87D2-4F8A-A720-EF08F7521902}.Debug|Any CPU.Build.0 = Debug|Any CPU
		{1072A0CC-87D2-4F8A-A720-EF08F7521902}.Release|Any CPU.ActiveCfg = Release|Any CPU
		{1072A0CC-87D2-4F8A-A720-EF08F7521902}.Release|Any CPU.Build.0 = Release|Any CPU
		{AFEB3A8B-0CFD-43B3-BAAD-58B15EFD13FE}.Debug|Any CPU.ActiveCfg = Debug|Any CPU
		{AFEB3A8B-0CFD-43B3-BAAD-58B15EFD13FE}.Debug|Any CPU.Build.0 = Debug|Any CPU
		{AFEB3A8B-0CFD-43B3-BAAD-58B15EFD13FE}.Release|Any CPU.ActiveCfg = Release|Any CPU
		{AFEB3A8B-0CFD-43B3-BAAD-58B15EFD13FE}.Release|Any CPU.Build.0 = Release|Any CPU
		{4D510A1B-E3B1-422D-8E4F-842B2EA8C183}.Debug|Any CPU.ActiveCfg = Debug|Any CPU
		{4D510A1B-E3B1-422D-8E4F-842B2EA8C183}.Debug|Any CPU.Build.0 = Debug|Any CPU
		{4D510A1B-E3B1-422D-8E4F-842B2EA8C183}.Release|Any CPU.ActiveCfg = Release|Any CPU
		{4D510A1B-E3B1-422D-8E4F-842B2EA8C183}.Release|Any CPU.Build.0 = Release|Any CPU
		{27E8BE9B-C3E0-4AB4-B131-674EFBBB0AA5}.Debug|Any CPU.ActiveCfg = Debug|Any CPU
		{27E8BE9B-C3E0-4AB4-B131-674EFBBB0AA5}.Debug|Any CPU.Build.0 = Debug|Any CPU
		{27E8BE9B-C3E0-4AB4-B131-674EFBBB0AA5}.Release|Any CPU.ActiveCfg = Release|Any CPU
		{27E8BE9B-C3E0-4AB4-B131-674EFBBB0AA5}.Release|Any CPU.Build.0 = Release|Any CPU
		{C03FAB21-C054-4824-BB86-463B6FE8A27F}.Debug|Any CPU.ActiveCfg = Debug|Any CPU
		{C03FAB21-C054-4824-BB86-463B6FE8A27F}.Debug|Any CPU.Build.0 = Debug|Any CPU
		{C03FAB21-C054-4824-BB86-463B6FE8A27F}.Release|Any CPU.ActiveCfg = Release|Any CPU
		{C03FAB21-C054-4824-BB86-463B6FE8A27F}.Release|Any CPU.Build.0 = Release|Any CPU
		{0F19A95A-A79D-498F-8D14-6E388814B760}.Debug|Any CPU.ActiveCfg = Debug|Any CPU
		{0F19A95A-A79D-498F-8D14-6E388814B760}.Debug|Any CPU.Build.0 = Debug|Any CPU
		{0F19A95A-A79D-498F-8D14-6E388814B760}.Release|Any CPU.ActiveCfg = Release|Any CPU
		{0F19A95A-A79D-498F-8D14-6E388814B760}.Release|Any CPU.Build.0 = Release|Any CPU
	EndGlobalSection
	GlobalSection(SolutionProperties) = preSolution
		HideSolutionNode = FALSE
	EndGlobalSection
	GlobalSection(NestedProjects) = preSolution
		{1072A0CC-87D2-4F8A-A720-EF08F7521902} = {B33537C0-D377-43BE-ADAF-3DA61A8054EB}
		{AFEB3A8B-0CFD-43B3-BAAD-58B15EFD13FE} = {7D4836AF-7F46-448D-A57A-72800CA8D4A1}
		{4D510A1B-E3B1-422D-8E4F-842B2EA8C183} = {7D4836AF-7F46-448D-A57A-72800CA8D4A1}
		{27E8BE9B-C3E0-4AB4-B131-674EFBBB0AA5} = {7D4836AF-7F46-448D-A57A-72800CA8D4A1}
		{C03FAB21-C054-4824-BB86-463B6FE8A27F} = {DEE1E252-1448-487D-A156-7A02772D4517}
		{0F19A95A-A79D-498F-8D14-6E388814B760} = {7D4836AF-7F46-448D-A57A-72800CA8D4A1}
	EndGlobalSection
	GlobalSection(ExtensibilityGlobals) = postSolution
		SolutionGuid = {45FD1E5E-BB7B-438C-88AA-39BFFE977C9C}
	EndGlobalSection
EndGlobal
