
Microsoft Visual Studio Solution File, Format Version 12.00
# Visual Studio Version 17
VisualStudioVersion = 17.2.32526.322
MinimumVisualStudioVersion = 10.0.40219.1
Project("{FAE04EC0-301F-11D3-BF4B-00C04F79EFBC}") = "RZQ82V_HFT_2022231.Models", "RZQ82V_HFT_2022231.Models\RZQ82V_HFT_2022231.Models.csproj", "{1072A0CC-87D2-4F8A-A720-EF08F7521902}"
EndProject
Project("{FAE04EC0-301F-11D3-BF4B-00C04F79EFBC}") = "RZQ82V_HFT_2022231.Logic", "RZQ82V_HFT_2022231.Logic\RZQ82V_HFT_2022231.Logic.csproj", "{AFEB3A8B-0CFD-43B3-BAAD-58B15EFD13FE}"
EndProject
Project("{FAE04EC0-301F-11D3-BF4B-00C04F79EFBC}") = "RZQ82V_HFT_2022231.Repository", "RZQ82V_HFT_2022231.Repository\RZQ82V_HFT_2022231.Repository.csproj", "{4D510A1B-E3B1-422D-8E4F-842B2EA8C183}"
EndProject
Project("{FAE04EC0-301F-11D3-BF4B-00C04F79EFBC}") = "RZQ82V_HFT_2022231.Test", "RZQ82V_HFT_2022231.Test\RZQ82V_HFT_2022231.Test.csproj", "{27E8BE9B-C3E0-4AB4-B131-674EFBBB0AA5}"
EndProject
Project("{FAE04EC0-301F-11D3-BF4B-00C04F79EFBC}") = "RZQ82V_HFT_2022231.Endpoint", "RZQ82V_HFT_2022231.Endpoint\RZQ82V_HFT_2022231.Endpoint.csproj", "{1CFC1DD9-7AF1-454B-A123-8ABC5388A79D}"
EndProject
Project("{FAE04EC0-301F-11D3-BF4B-00C04F79EFBC}") = "RZQ82V_HFT_2022231.Client", "RZQ82V_HFT_2022231.Client\RZQ82V_HFT_2022231.Client.csproj", "{C03FAB21-C054-4824-BB86-463B6FE8A27F}"
EndProject
Global
	GlobalSection(SolutionConfigurationPlatforms) = preSolution
		Debug|Any CPU = Debug|Any CPU
		Release|Any CPU = Release|Any CPU
	EndGlobalSection
	GlobalSection(ProjectConfigurationPlatforms) = postSolution
		{1072A0CC-87D2-4F8A-A720-EF08F7521902}.Debug|Any CPU.ActiveCfg = Debug|Any CPU
		{1072A0CC-87D2-4F8A-A720-EF08F7521902}.Debug|Any CPU.Build.0 = Debug|Any CPU
		{1072A0CC-87D2-4F8A-A720-EF08F7521902}.Release|Any CPU.ActiveCfg = Release|Any CPU
		{1072A0CC-87D2-4F8A-A720-EF08F7521902}.Release|Any CPU.Build.0 = Release|Any CPU
		{AFEB3A8B-0CFD-43B3-BAAD-58B15EFD13FE}.Debug|Any CPU.ActiveCfg = Debug|Any CPU
		{AFEB3A8B-0CFD-43B3-BAAD-58B15EFD13FE}.Debug|Any CPU.Build.0 = Debug|Any CPU
		{AFEB3A8B-0CFD-43B3-BAAD-58B15EFD13FE}.Release|Any CPU.ActiveCfg = Release|Any CPU
		{AFEB3A8B-0CFD-43B3-BAAD-58B15EFD13FE}.Release|Any CPU.Build.0 = Release|Any CPU
		{4D510A1B-E3B1-422D-8E4F-842B2EA8C183}.Debug|Any CPU.ActiveCfg = Debug|Any CPU
		{4D510A1B-E3B1-422D-8E4F-842B2EA8C183}.Debug|Any CPU.Build.0 = Debug|Any CPU
		{4D510A1B-E3B1-422D-8E4F-842B2EA8C183}.Release|Any CPU.ActiveCfg = Release|Any CPU
		{4D510A1B-E3B1-422D-8E4F-842B2EA8C183}.Release|Any CPU.Build.0 = Release|Any CPU
		{27E8BE9B-C3E0-4AB4-B131-674EFBBB0AA5}.Debug|Any CPU.ActiveCfg = Debug|Any CPU
		{27E8BE9B-C3E0-4AB4-B131-674EFBBB0AA5}.Debug|Any CPU.Build.0 = Debug|Any CPU
		{27E8BE9B-C3E0-4AB4-B131-674EFBBB0AA5}.Release|Any CPU.ActiveCfg = Release|Any CPU
		{27E8BE9B-C3E0-4AB4-B131-674EFBBB0AA5}.Release|Any CPU.Build.0 = Release|Any CPU
		{1CFC1DD9-7AF1-454B-A123-8ABC5388A79D}.Debug|Any CPU.ActiveCfg = Debug|Any CPU
		{1CFC1DD9-7AF1-454B-A123-8ABC5388A79D}.Debug|Any CPU.Build.0 = Debug|Any CPU
		{1CFC1DD9-7AF1-454B-A123-8ABC5388A79D}.Release|Any CPU.ActiveCfg = Release|Any CPU
		{1CFC1DD9-7AF1-454B-A123-8ABC5388A79D}.Release|Any CPU.Build.0 = Release|Any CPU
		{C03FAB21-C054-4824-BB86-463B6FE8A27F}.Debug|Any CPU.ActiveCfg = Debug|Any CPU
		{C03FAB21-C054-4824-BB86-463B6FE8A27F}.Debug|Any CPU.Build.0 = Debug|Any CPU
		{C03FAB21-C054-4824-BB86-463B6FE8A27F}.Release|Any CPU.ActiveCfg = Release|Any CPU
		{C03FAB21-C054-4824-BB86-463B6FE8A27F}.Release|Any CPU.Build.0 = Release|Any CPU
	EndGlobalSection
	GlobalSection(SolutionProperties) = preSolution
		HideSolutionNode = FALSE
	EndGlobalSection
	GlobalSection(ExtensibilityGlobals) = postSolution
		SolutionGuid = {45FD1E5E-BB7B-438C-88AA-39BFFE977C9C}
	EndGlobalSection
EndGlobal
